
Microsoft Visual Studio Solution File, Format Version 12.00
# Visual Studio Version 17
VisualStudioVersion = 17.2.32526.322
MinimumVisualStudioVersion = 10.0.40219.1
Project("{FAE04EC0-301F-11D3-BF4B-00C04F79EFBC}") = "WebApp", "WebApp\WebApp.csproj", "{F40879B7-DF02-4A9A-9EE5-672A5CBEB933}"
EndProject
Global
	GlobalSection(SolutionConfigurationPlatforms) = preSolution
		Debug|Any CPU = Debug|Any CPU
		Release|Any CPU = Release|Any CPU
	EndGlobalSection
	GlobalSection(ProjectConfigurationPlatforms) = postSolution
		{F40879B7-DF02-4A9A-9EE5-672A5CBEB933}.Debug|Any CPU.ActiveCfg = Debug|Any CPU
		{F40879B7-DF02-4A9A-9EE5-672A5CBEB933}.Debug|Any CPU.Build.0 = Debug|Any CPU
		{F40879B7-DF02-4A9A-9EE5-672A5CBEB933}.Release|Any CPU.ActiveCfg = Release|Any CPU
		{F40879B7-DF02-4A9A-9EE5-672A5CBEB933}.Release|Any CPU.Build.0 = Release|Any CPU
	EndGlobalSection
	GlobalSection(SolutionProperties) = preSolution
		HideSolutionNode = FALSE
	EndGlobalSection
	GlobalSection(ExtensibilityGlobals) = postSolution
		SolutionGuid = {88F10BE8-931F-46D3-94E4-C2DB1D47661F}
	EndGlobalSection
EndGlobal
